
Microsoft Visual Studio Solution File, Format Version 12.00
# Visual Studio Version 17
VisualStudioVersion = 17.7.34202.233
MinimumVisualStudioVersion = 10.0.40219.1
Project("{E24C65DC-7377-472B-9ABA-BC803B73C61A}") = "HongLeong", "HongLeong\", "{891B6D78-D34C-4887-89F2-C40C7DCD1E3C}"
	ProjectSection(WebsiteProperties) = preProject
		SccProjectName = "SAK"
		SccAuxPath = "SAK"
		SccLocalPath = "SAK"
		SccProvider = "SAK"
		TargetFrameworkMoniker = ".NETFramework,Version%3Dv4.6"
		Debug.AspNetCompiler.VirtualPath = "/localhost_25070"
		Debug.AspNetCompiler.PhysicalPath = "HongLeong\"
		Debug.AspNetCompiler.TargetPath = "PrecompiledWeb\localhost_25070\"
		Debug.AspNetCompiler.Updateable = "true"
		Debug.AspNetCompiler.ForceOverwrite = "true"
		Debug.AspNetCompiler.FixedNames = "false"
		Debug.AspNetCompiler.Debug = "True"
		Release.AspNetCompiler.VirtualPath = "/localhost_25070"
		Release.AspNetCompiler.PhysicalPath = "HongLeong\"
		Release.AspNetCompiler.TargetPath = "PrecompiledWeb\localhost_25070\"
		Release.AspNetCompiler.Updateable = "true"
		Release.AspNetCompiler.ForceOverwrite = "true"
		Release.AspNetCompiler.FixedNames = "false"
		Release.AspNetCompiler.Debug = "False"
		VWDPort = "25070"
		SlnRelativePath = "HongLeong\"
		DefaultWebSiteLanguage = "Visual Basic"
	EndProjectSection
EndProject
Global
	GlobalSection(SolutionConfigurationPlatforms) = preSolution
		Debug|Any CPU = Debug|Any CPU
	EndGlobalSection
	GlobalSection(ProjectConfigurationPlatforms) = postSolution
		{891B6D78-D34C-4887-89F2-C40C7DCD1E3C}.Debug|Any CPU.ActiveCfg = Debug|Any CPU
		{891B6D78-D34C-4887-89F2-C40C7DCD1E3C}.Debug|Any CPU.Build.0 = Debug|Any CPU
	EndGlobalSection
	GlobalSection(SolutionProperties) = preSolution
		HideSolutionNode = FALSE
	EndGlobalSection
	GlobalSection(ExtensibilityGlobals) = postSolution
		SolutionGuid = {83A8B28B-9F99-4F8F-8376-F0C4400C12E7}
	EndGlobalSection
EndGlobal
